
Microsoft Visual Studio Solution File, Format Version 12.00
# Visual Studio 14
VisualStudioVersion = 14.0.25420.1
MinimumVisualStudioVersion = 10.0.40219.1
Project("{FAE04EC0-301F-11D3-BF4B-00C04F79EFBC}") = "DLTLib", "DLTLib\DLTLib.csproj", "{2AD0A19C-9A66-4B7D-AA71-9EFB7983BA74}"
EndProject
Project("{FAE04EC0-301F-11D3-BF4B-00C04F79EFBC}") = "ContainerFountain", "ContainerFountain\ContainerFountain.csproj", "{BD5D7AC4-02FD-4211-A6E8-4F2E786326E5}"
EndProject
Global
	GlobalSection(SolutionConfigurationPlatforms) = preSolution
		Debug|Any CPU = Debug|Any CPU
		Release|Any CPU = Release|Any CPU
	EndGlobalSection
	GlobalSection(ProjectConfigurationPlatforms) = postSolution
		{2AD0A19C-9A66-4B7D-AA71-9EFB7983BA74}.Debug|Any CPU.ActiveCfg = Debug|Any CPU
		{2AD0A19C-9A66-4B7D-AA71-9EFB7983BA74}.Debug|Any CPU.Build.0 = Debug|Any CPU
		{2AD0A19C-9A66-4B7D-AA71-9EFB7983BA74}.Release|Any CPU.ActiveCfg = Release|Any CPU
		{2AD0A19C-9A66-4B7D-AA71-9EFB7983BA74}.Release|Any CPU.Build.0 = Release|Any CPU
		{BD5D7AC4-02FD-4211-A6E8-4F2E786326E5}.Debug|Any CPU.ActiveCfg = Debug|Any CPU
		{BD5D7AC4-02FD-4211-A6E8-4F2E786326E5}.Debug|Any CPU.Build.0 = Debug|Any CPU
		{BD5D7AC4-02FD-4211-A6E8-4F2E786326E5}.Release|Any CPU.ActiveCfg = Release|Any CPU
		{BD5D7AC4-02FD-4211-A6E8-4F2E786326E5}.Release|Any CPU.Build.0 = Release|Any CPU
	EndGlobalSection
	GlobalSection(SolutionProperties) = preSolution
		HideSolutionNode = FALSE
	EndGlobalSection
EndGlobal
